
Microsoft Visual Studio Solution File, Format Version 12.00
# Visual Studio 15
VisualStudioVersion = 15.0.28307.329
MinimumVisualStudioVersion = 10.0.40219.1
Project("{F2A71F9B-5D33-465A-A702-920D77279786}") = "FSharpTut", "FSharpTut\FSharpTut.fsproj", "{81C47C5F-9720-4140-90F9-2252F3EBADD7}"
EndProject
Global
	GlobalSection(SolutionConfigurationPlatforms) = preSolution
		Debug|Any CPU = Debug|Any CPU
		Release|Any CPU = Release|Any CPU
	EndGlobalSection
	GlobalSection(ProjectConfigurationPlatforms) = postSolution
		{81C47C5F-9720-4140-90F9-2252F3EBADD7}.Debug|Any CPU.ActiveCfg = Debug|Any CPU
		{81C47C5F-9720-4140-90F9-2252F3EBADD7}.Debug|Any CPU.Build.0 = Debug|Any CPU
		{81C47C5F-9720-4140-90F9-2252F3EBADD7}.Release|Any CPU.ActiveCfg = Release|Any CPU
		{81C47C5F-9720-4140-90F9-2252F3EBADD7}.Release|Any CPU.Build.0 = Release|Any CPU
	EndGlobalSection
	GlobalSection(SolutionProperties) = preSolution
		HideSolutionNode = FALSE
	EndGlobalSection
	GlobalSection(ExtensibilityGlobals) = postSolution
		SolutionGuid = {E8AACF7E-9A91-4BD6-9062-5859197B0016}
	EndGlobalSection
EndGlobal
